
Microsoft Visual Studio Solution File, Format Version 12.00
# Visual Studio Version 17
VisualStudioVersion = 17.5.33502.453
MinimumVisualStudioVersion = 10.0.40219.1
Project("{9A19103F-16F7-4668-BE54-9A1E7A4F7556}") = "GGSTPorting", "MHURPorting\GGSTPorting.csproj", "{08C6F4C5-1F49-4570-9139-0D760A3C9CD4}"
EndProject
Project("{9A19103F-16F7-4668-BE54-9A1E7A4F7556}") = "CUE4Parse", "CUE4Parse\CUE4Parse\CUE4Parse.csproj", "{D91DDC00-28DE-48BF-95CE-EAE85F274B0B}"
EndProject
Project("{9A19103F-16F7-4668-BE54-9A1E7A4F7556}") = "CUE4Parse-Conversion", "CUE4Parse\CUE4Parse-Conversion\CUE4Parse-Conversion.csproj", "{0FECBF4E-B16D-4E44-8648-71EEEA72ADFC}"
EndProject
Global
	GlobalSection(SolutionConfigurationPlatforms) = preSolution
		Debug|Any CPU = Debug|Any CPU
		Release|Any CPU = Release|Any CPU
	EndGlobalSection
	GlobalSection(ProjectConfigurationPlatforms) = postSolution
		{08C6F4C5-1F49-4570-9139-0D760A3C9CD4}.Debug|Any CPU.ActiveCfg = Debug|Any CPU
		{08C6F4C5-1F49-4570-9139-0D760A3C9CD4}.Debug|Any CPU.Build.0 = Debug|Any CPU
		{08C6F4C5-1F49-4570-9139-0D760A3C9CD4}.Release|Any CPU.ActiveCfg = Release|Any CPU
		{08C6F4C5-1F49-4570-9139-0D760A3C9CD4}.Release|Any CPU.Build.0 = Release|Any CPU
		{D91DDC00-28DE-48BF-95CE-EAE85F274B0B}.Debug|Any CPU.ActiveCfg = Debug|Any CPU
		{D91DDC00-28DE-48BF-95CE-EAE85F274B0B}.Debug|Any CPU.Build.0 = Debug|Any CPU
		{D91DDC00-28DE-48BF-95CE-EAE85F274B0B}.Release|Any CPU.ActiveCfg = Release|Any CPU
		{D91DDC00-28DE-48BF-95CE-EAE85F274B0B}.Release|Any CPU.Build.0 = Release|Any CPU
		{0FECBF4E-B16D-4E44-8648-71EEEA72ADFC}.Debug|Any CPU.ActiveCfg = Debug|Any CPU
		{0FECBF4E-B16D-4E44-8648-71EEEA72ADFC}.Debug|Any CPU.Build.0 = Debug|Any CPU
		{0FECBF4E-B16D-4E44-8648-71EEEA72ADFC}.Release|Any CPU.ActiveCfg = Release|Any CPU
		{0FECBF4E-B16D-4E44-8648-71EEEA72ADFC}.Release|Any CPU.Build.0 = Release|Any CPU
	EndGlobalSection
	GlobalSection(SolutionProperties) = preSolution
		HideSolutionNode = FALSE
	EndGlobalSection
	GlobalSection(ExtensibilityGlobals) = postSolution
		SolutionGuid = {02760AB8-30C5-41B8-A19B-EF4090DBA514}
	EndGlobalSection
EndGlobal
